Microsoft Visual Studio Solution File, Format Version 12.00
Project("{FAE04EC0-301F-11D3-BF4B-00C04F79EFBC}") = "DreamAssembler.App", "DreamAssembler\DreamAssembler.csproj", "{4F775C2D-9680-4B62-B64C-6FCFC48E3931}"
EndProject
Project("{FAE04EC0-301F-11D3-BF4B-00C04F79EFBC}") = "DreamAssembler.Core", "DreamAssembler.Core\DreamAssembler.Core.csproj", "{D2B38F9E-8C13-4E4D-B4A5-BD659CF9BA9C}"
EndProject
Project("{66A26720-8FB5-11D2-AA7E-00C04F688DDE}") = "docs", "docs", "{C79E5170-33E1-4A84-B146-9734B6A35FC0}"
	ProjectSection(SolutionItems) = preProject
		docs\ARCHITECTURE.md = docs\ARCHITECTURE.md
		docs\DICTIONARY_FORMAT.md = docs\DICTIONARY_FORMAT.md
		docs\IDEAS_BACKLOG.md = docs\IDEAS_BACKLOG.md
		docs\PROJECT_STATE.md = docs\PROJECT_STATE.md
		docs\PROMPTS_FOR_DATA.md = docs\PROMPTS_FOR_DATA.md
		docs\README.md = docs\README.md
		docs\ROADMAP.md = docs\ROADMAP.md
		docs\SESSION_INDEX.md = docs\SESSION_INDEX.md
		docs\WORKLOG.md = docs\WORKLOG.md
	EndProjectSection
EndProject
Global
	GlobalSection(SolutionConfigurationPlatforms) = preSolution
		Debug|Any CPU = Debug|Any CPU
		Release|Any CPU = Release|Any CPU
	EndGlobalSection
	GlobalSection(ProjectConfigurationPlatforms) = postSolution
		{4F775C2D-9680-4B62-B64C-6FCFC48E3931}.Debug|Any CPU.ActiveCfg = Debug|Any CPU
		{4F775C2D-9680-4B62-B64C-6FCFC48E3931}.Debug|Any CPU.Build.0 = Debug|Any CPU
		{4F775C2D-9680-4B62-B64C-6FCFC48E3931}.Release|Any CPU.ActiveCfg = Release|Any CPU
		{4F775C2D-9680-4B62-B64C-6FCFC48E3931}.Release|Any CPU.Build.0 = Release|Any CPU
		{D2B38F9E-8C13-4E4D-B4A5-BD659CF9BA9C}.Debug|Any CPU.ActiveCfg = Debug|Any CPU
		{D2B38F9E-8C13-4E4D-B4A5-BD659CF9BA9C}.Debug|Any CPU.Build.0 = Debug|Any CPU
		{D2B38F9E-8C13-4E4D-B4A5-BD659CF9BA9C}.Release|Any CPU.ActiveCfg = Release|Any CPU
		{D2B38F9E-8C13-4E4D-B4A5-BD659CF9BA9C}.Release|Any CPU.Build.0 = Release|Any CPU
	EndGlobalSection
EndGlobal
